
Microsoft Visual Studio Solution File, Format Version 12.00
# Visual Studio Version 17
VisualStudioVersion = 17.9.34616.47
MinimumVisualStudioVersion = 10.0.40219.1
Project("{FAE04EC0-301F-11D3-BF4B-00C04F79EFBC}") = "ReadMultipleFile", "ReadMultipleFile.csproj", "{1AD7F08F-BC9C-4B6F-A5A7-A5537CF46A9D}"
EndProject
Global
	GlobalSection(SolutionConfigurationPlatforms) = preSolution
		Debug|Any CPU = Debug|Any CPU
		Release|Any CPU = Release|Any CPU
	EndGlobalSection
	GlobalSection(ProjectConfigurationPlatforms) = postSolution
		{1AD7F08F-BC9C-4B6F-A5A7-A5537CF46A9D}.Debug|Any CPU.ActiveCfg = Debug|Any CPU
		{1AD7F08F-BC9C-4B6F-A5A7-A5537CF46A9D}.Debug|Any CPU.Build.0 = Debug|Any CPU
		{1AD7F08F-BC9C-4B6F-A5A7-A5537CF46A9D}.Release|Any CPU.ActiveCfg = Release|Any CPU
		{1AD7F08F-BC9C-4B6F-A5A7-A5537CF46A9D}.Release|Any CPU.Build.0 = Release|Any CPU
	EndGlobalSection
	GlobalSection(SolutionProperties) = preSolution
		HideSolutionNode = FALSE
	EndGlobalSection
	GlobalSection(ExtensibilityGlobals) = postSolution
		SolutionGuid = {09656868-3FFA-42CD-9EF7-8ED5974A1DFC}
	EndGlobalSection
EndGlobal
