
Microsoft Visual Studio Solution File, Format Version 12.00
# Visual Studio Version 17
VisualStudioVersion = 17.9.34616.47
MinimumVisualStudioVersion = 10.0.40219.1
Project("{FAE04EC0-301F-11D3-BF4B-00C04F79EFBC}") = "Lab01_22520183_TranDuongMinhDai", "Lab01_22520183_TranDuongMinhDai.csproj", "{8460763B-B984-4DBE-BC74-9E8AB7FD432B}"
EndProject
Global
	GlobalSection(SolutionConfigurationPlatforms) = preSolution
		Debug|Any CPU = Debug|Any CPU
		Release|Any CPU = Release|Any CPU
	EndGlobalSection
	GlobalSection(ProjectConfigurationPlatforms) = postSolution
		{8460763B-B984-4DBE-BC74-9E8AB7FD432B}.Debug|Any CPU.ActiveCfg = Debug|Any CPU
		{8460763B-B984-4DBE-BC74-9E8AB7FD432B}.Debug|Any CPU.Build.0 = Debug|Any CPU
		{8460763B-B984-4DBE-BC74-9E8AB7FD432B}.Release|Any CPU.ActiveCfg = Release|Any CPU
		{8460763B-B984-4DBE-BC74-9E8AB7FD432B}.Release|Any CPU.Build.0 = Release|Any CPU
	EndGlobalSection
	GlobalSection(SolutionProperties) = preSolution
		HideSolutionNode = FALSE
	EndGlobalSection
	GlobalSection(ExtensibilityGlobals) = postSolution
		SolutionGuid = {2634F496-3368-4FEE-B192-37A71FBA72BC}
	EndGlobalSection
EndGlobal
